
Microsoft Visual Studio Solution File, Format Version 12.00
# Visual Studio Version 16
VisualStudioVersion = 16.0.31129.286
MinimumVisualStudioVersion = 10.0.40219.1
Project("{FAE04EC0-301F-11D3-BF4B-00C04F79EFBC}") = "AmericaVirtual_WebApp", "AmericaVirtual_WebApp\AmericaVirtual_WebApp.csproj", "{59C807C4-5575-41F8-BA9A-BF2C62977726}"
EndProject
Global
	GlobalSection(SolutionConfigurationPlatforms) = preSolution
		Debug|Any CPU = Debug|Any CPU
		Release|Any CPU = Release|Any CPU
	EndGlobalSection
	GlobalSection(ProjectConfigurationPlatforms) = postSolution
		{59C807C4-5575-41F8-BA9A-BF2C62977726}.Debug|Any CPU.ActiveCfg = Debug|Any CPU
		{59C807C4-5575-41F8-BA9A-BF2C62977726}.Debug|Any CPU.Build.0 = Debug|Any CPU
		{59C807C4-5575-41F8-BA9A-BF2C62977726}.Release|Any CPU.ActiveCfg = Release|Any CPU
		{59C807C4-5575-41F8-BA9A-BF2C62977726}.Release|Any CPU.Build.0 = Release|Any CPU
	EndGlobalSection
	GlobalSection(SolutionProperties) = preSolution
		HideSolutionNode = FALSE
	EndGlobalSection
	GlobalSection(ExtensibilityGlobals) = postSolution
		SolutionGuid = {CC71E250-AE30-4E7A-B843-C2EEE8AD58F9}
	EndGlobalSection
EndGlobal
